
Microsoft Visual Studio Solution File, Format Version 12.00
# Visual Studio 15
Project("{FAE04EC0-301F-11D3-BF4B-00C04F79EFBC}") = "Lesson002_HT_06", "Lesson002_HT_06\Lesson002_HT_06.csproj", "{3153CD8D-C761-4A72-8C3F-7B071C2F8E7D}"
EndProject
Global
	GlobalSection(SolutionConfigurationPlatforms) = preSolution
		Debug|anycpu = Debug|anycpu
		Release|anycpu = Release|anycpu
	EndGlobalSection
	GlobalSection(ProjectConfigurationPlatforms) = postSolution
		{3153CD8D-C761-4A72-8C3F-7B071C2F8E7D}.Debug|anycpu.ActiveCfg = Debug|anycpu
		{3153CD8D-C761-4A72-8C3F-7B071C2F8E7D}.Debug|anycpu.Build.0 = Debug|anycpu
		{3153CD8D-C761-4A72-8C3F-7B071C2F8E7D}.Release|anycpu.ActiveCfg = Release|anycpu
		{3153CD8D-C761-4A72-8C3F-7B071C2F8E7D}.Release|anycpu.Build.0 = Release|anycpu
	EndGlobalSection
EndGlobal
