
Microsoft Visual Studio Solution File, Format Version 12.00
# Visual Studio 15
Project("{FAE04EC0-301F-11D3-BF4B-00C04F79EFBC}") = "Lesson002_HT_5", "Lesson002_HT_5\Lesson002_HT_5.csproj", "{F06EBE76-4F87-4EB7-9B17-D21581B04104}"
EndProject
Global
	GlobalSection(SolutionConfigurationPlatforms) = preSolution
		Debug|anycpu = Debug|anycpu
		Release|anycpu = Release|anycpu
	EndGlobalSection
	GlobalSection(ProjectConfigurationPlatforms) = postSolution
		{F06EBE76-4F87-4EB7-9B17-D21581B04104}.Debug|anycpu.ActiveCfg = Debug|anycpu
		{F06EBE76-4F87-4EB7-9B17-D21581B04104}.Debug|anycpu.Build.0 = Debug|anycpu
		{F06EBE76-4F87-4EB7-9B17-D21581B04104}.Release|anycpu.ActiveCfg = Release|anycpu
		{F06EBE76-4F87-4EB7-9B17-D21581B04104}.Release|anycpu.Build.0 = Release|anycpu
	EndGlobalSection
EndGlobal
